
Microsoft Visual Studio Solution File, Format Version 12.00
# Visual Studio Version 16
VisualStudioVersion = 16.0.31321.278
MinimumVisualStudioVersion = 10.0.40219.1
Project("{FAE04EC0-301F-11D3-BF4B-00C04F79EFBC}") = "InterfacesG4-2022-I", "InterfacesG4-2022-I.csproj", "{1F9CEC51-F5F2-45AC-8256-C426DCAE87C4}"
EndProject
Global
	GlobalSection(SolutionConfigurationPlatforms) = preSolution
		Debug|Any CPU = Debug|Any CPU
		Release|Any CPU = Release|Any CPU
	EndGlobalSection
	GlobalSection(ProjectConfigurationPlatforms) = postSolution
		{1F9CEC51-F5F2-45AC-8256-C426DCAE87C4}.Debug|Any CPU.ActiveCfg = Debug|Any CPU
		{1F9CEC51-F5F2-45AC-8256-C426DCAE87C4}.Debug|Any CPU.Build.0 = Debug|Any CPU
		{1F9CEC51-F5F2-45AC-8256-C426DCAE87C4}.Release|Any CPU.ActiveCfg = Release|Any CPU
		{1F9CEC51-F5F2-45AC-8256-C426DCAE87C4}.Release|Any CPU.Build.0 = Release|Any CPU
	EndGlobalSection
	GlobalSection(SolutionProperties) = preSolution
		HideSolutionNode = FALSE
	EndGlobalSection
	GlobalSection(ExtensibilityGlobals) = postSolution
		SolutionGuid = {B60EF59F-19DD-4E3F-8329-84EB9ED21A50}
	EndGlobalSection
EndGlobal
